
Microsoft Visual Studio Solution File, Format Version 12.00
# Visual Studio 15
VisualStudioVersion = 15.0.27703.2018
MinimumVisualStudioVersion = 10.0.40219.1
Project("{FAE04EC0-301F-11D3-BF4B-00C04F79EFBC}") = "ModuloInventario", "ModuloInventario\ModuloInventario.csproj", "{8A232DB6-4E28-40FF-8490-4C09FF012F8C}"
EndProject
Global
	GlobalSection(SolutionConfigurationPlatforms) = preSolution
		Debug|Any CPU = Debug|Any CPU
		Release|Any CPU = Release|Any CPU
	EndGlobalSection
	GlobalSection(ProjectConfigurationPlatforms) = postSolution
		{8A232DB6-4E28-40FF-8490-4C09FF012F8C}.Debug|Any CPU.ActiveCfg = Debug|Any CPU
		{8A232DB6-4E28-40FF-8490-4C09FF012F8C}.Debug|Any CPU.Build.0 = Debug|Any CPU
		{8A232DB6-4E28-40FF-8490-4C09FF012F8C}.Release|Any CPU.ActiveCfg = Release|Any CPU
		{8A232DB6-4E28-40FF-8490-4C09FF012F8C}.Release|Any CPU.Build.0 = Release|Any CPU
	EndGlobalSection
	GlobalSection(SolutionProperties) = preSolution
		HideSolutionNode = FALSE
	EndGlobalSection
	GlobalSection(ExtensibilityGlobals) = postSolution
		SolutionGuid = {8F7DC2BD-CFC0-4FDD-9948-F01255CBC1CB}
	EndGlobalSection
EndGlobal
